
Microsoft Visual Studio Solution File, Format Version 12.00
# Visual Studio Version 17
VisualStudioVersion = 17.0.31903.59
MinimumVisualStudioVersion = 10.0.40219.1
Project("{FAE04EC0-301F-11D3-BF4B-00C04F79EFBC}") = "HelloWorld", "00_HelloWorld\HelloWorld.csproj", "{3F34B780-A041-47E0-9E67-4F1D153D5E94}"
EndProject
Project("{FAE04EC0-301F-11D3-BF4B-00C04F79EFBC}") = "Variables", "01_Variables\Variables.csproj", "{AA53CA20-BB71-42C1-B015-1589F2AF945A}"
EndProject
Project("{FAE04EC0-301F-11D3-BF4B-00C04F79EFBC}") = "BasicTypes", "02_Types\BasicTypes.csproj", "{AB6BBC77-C5CB-4AB7-BDB6-7ECE3EAE9D33}"
EndProject
Project("{FAE04EC0-301F-11D3-BF4B-00C04F79EFBC}") = "Operators", "03_Operators\Operators.csproj", "{F12D82EA-8AC1-45C4-B436-E96381659805}"
EndProject
Project("{FAE04EC0-301F-11D3-BF4B-00C04F79EFBC}") = "Strings", "04_Strings\Strings.csproj", "{2391F2A5-E54B-4E22-A3EF-7BA1DC20C479}"
EndProject
Project("{FAE04EC0-301F-11D3-BF4B-00C04F79EFBC}") = "Booleans", "05_Booleans\Booleans.csproj", "{EB70A882-19D9-49AC-AEDD-07AF6EC2A875}"
EndProject
Project("{2150E333-8FDC-42A3-9474-1A3956D46DE8}") = "06_Conditionals", "06_Conditionals", "{C1BA319E-6BDC-47F6-AC46-AB6012A36ECF}"
EndProject
Project("{FAE04EC0-301F-11D3-BF4B-00C04F79EFBC}") = "IfStatements", "06_Conditionals\IfStatements\IfStatements.csproj", "{75617A89-88B3-4994-AF04-DC064F700D31}"
EndProject
Project("{FAE04EC0-301F-11D3-BF4B-00C04F79EFBC}") = "Ternaries", "06_Conditionals\Ternaries\Ternaries.csproj", "{9A53E502-567A-459E-BB8D-F402DE7BBAD9}"
EndProject
Project("{FAE04EC0-301F-11D3-BF4B-00C04F79EFBC}") = "Switches", "06_Conditionals\Switches\Switches.csproj", "{D746E96F-6AB1-4A43-9664-FA081CA63408}"
EndProject
Project("{2150E333-8FDC-42A3-9474-1A3956D46DE8}") = "07_Loops", "07_Loops", "{E7EED3E3-D0B2-493E-8482-0BD817E9A3F3}"
EndProject
Project("{FAE04EC0-301F-11D3-BF4B-00C04F79EFBC}") = "WhileLoops", "07_Loops\While\WhileLoops.csproj", "{E46FD3AF-A36D-4FA7-8F46-3E9DB3FE36DD}"
EndProject
Project("{FAE04EC0-301F-11D3-BF4B-00C04F79EFBC}") = "ForLoops", "07_Loops\For\ForLoops.csproj", "{655E82F7-AF6C-4EA5-BCFD-052C4BA7408B}"
EndProject
Project("{FAE04EC0-301F-11D3-BF4B-00C04F79EFBC}") = "ForeachLoops", "07_Loops\Foreach\ForeachLoops.csproj", "{0455AC23-5022-4A74-848F-52BD887B8CDC}"
EndProject
Project("{FAE04EC0-301F-11D3-BF4B-00C04F79EFBC}") = "Classes", "08_Classes\Classes.csproj", "{9356E0DB-8AA6-4496-B036-795EC20E9C2D}"
EndProject
Project("{FAE04EC0-301F-11D3-BF4B-00C04F79EFBC}") = "Collections", "09_Colletions\Collections.csproj", "{7DD50A30-066D-49F1-A037-8965BBBEAA51}"
EndProject
Project("{FAE04EC0-301F-11D3-BF4B-00C04F79EFBC}") = "Inheritance", "10_Inheritance\Inheritance.csproj", "{547F15FE-708A-4A23-8896-93AAC9E39BF2}"
EndProject
Project("{FAE04EC0-301F-11D3-BF4B-00C04F79EFBC}") = "Interfaces", "11_Interfaces\Interfaces.csproj", "{C1E3EEF0-646E-4AAF-A3EC-752F7D6579DC}"
EndProject
Project("{FAE04EC0-301F-11D3-BF4B-00C04F79EFBC}") = "RepositoryPattern.Repository", "12_RepositoryPattern_Reporsitory\RepositoryPattern.Repository.csproj", "{912C6B6E-CDCA-4FB4-8194-51E76C315BCE}"
EndProject
Project("{FAE04EC0-301F-11D3-BF4B-00C04F79EFBC}") = "RepositoryPattern.Console", "12_RepositoryPattern_Console\RepositoryPattern.Console.csproj", "{228C4858-3940-42BF-9811-20B719633A08}"
EndProject
Global
	GlobalSection(SolutionConfigurationPlatforms) = preSolution
		Debug|Any CPU = Debug|Any CPU
		Release|Any CPU = Release|Any CPU
	EndGlobalSection
	GlobalSection(SolutionProperties) = preSolution
		HideSolutionNode = FALSE
	EndGlobalSection
	GlobalSection(ProjectConfigurationPlatforms) = postSolution
		{3F34B780-A041-47E0-9E67-4F1D153D5E94}.Debug|Any CPU.ActiveCfg = Debug|Any CPU
		{3F34B780-A041-47E0-9E67-4F1D153D5E94}.Debug|Any CPU.Build.0 = Debug|Any CPU
		{3F34B780-A041-47E0-9E67-4F1D153D5E94}.Release|Any CPU.ActiveCfg = Release|Any CPU
		{3F34B780-A041-47E0-9E67-4F1D153D5E94}.Release|Any CPU.Build.0 = Release|Any CPU
		{AA53CA20-BB71-42C1-B015-1589F2AF945A}.Debug|Any CPU.ActiveCfg = Debug|Any CPU
		{AA53CA20-BB71-42C1-B015-1589F2AF945A}.Debug|Any CPU.Build.0 = Debug|Any CPU
		{AA53CA20-BB71-42C1-B015-1589F2AF945A}.Release|Any CPU.ActiveCfg = Release|Any CPU
		{AA53CA20-BB71-42C1-B015-1589F2AF945A}.Release|Any CPU.Build.0 = Release|Any CPU
		{AB6BBC77-C5CB-4AB7-BDB6-7ECE3EAE9D33}.Debug|Any CPU.ActiveCfg = Debug|Any CPU
		{AB6BBC77-C5CB-4AB7-BDB6-7ECE3EAE9D33}.Debug|Any CPU.Build.0 = Debug|Any CPU
		{AB6BBC77-C5CB-4AB7-BDB6-7ECE3EAE9D33}.Release|Any CPU.ActiveCfg = Release|Any CPU
		{AB6BBC77-C5CB-4AB7-BDB6-7ECE3EAE9D33}.Release|Any CPU.Build.0 = Release|Any CPU
		{F12D82EA-8AC1-45C4-B436-E96381659805}.Debug|Any CPU.ActiveCfg = Debug|Any CPU
		{F12D82EA-8AC1-45C4-B436-E96381659805}.Debug|Any CPU.Build.0 = Debug|Any CPU
		{F12D82EA-8AC1-45C4-B436-E96381659805}.Release|Any CPU.ActiveCfg = Release|Any CPU
		{F12D82EA-8AC1-45C4-B436-E96381659805}.Release|Any CPU.Build.0 = Release|Any CPU
		{2391F2A5-E54B-4E22-A3EF-7BA1DC20C479}.Debug|Any CPU.ActiveCfg = Debug|Any CPU
		{2391F2A5-E54B-4E22-A3EF-7BA1DC20C479}.Debug|Any CPU.Build.0 = Debug|Any CPU
		{2391F2A5-E54B-4E22-A3EF-7BA1DC20C479}.Release|Any CPU.ActiveCfg = Release|Any CPU
		{2391F2A5-E54B-4E22-A3EF-7BA1DC20C479}.Release|Any CPU.Build.0 = Release|Any CPU
		{EB70A882-19D9-49AC-AEDD-07AF6EC2A875}.Debug|Any CPU.ActiveCfg = Debug|Any CPU
		{EB70A882-19D9-49AC-AEDD-07AF6EC2A875}.Debug|Any CPU.Build.0 = Debug|Any CPU
		{EB70A882-19D9-49AC-AEDD-07AF6EC2A875}.Release|Any CPU.ActiveCfg = Release|Any CPU
		{EB70A882-19D9-49AC-AEDD-07AF6EC2A875}.Release|Any CPU.Build.0 = Release|Any CPU
		{75617A89-88B3-4994-AF04-DC064F700D31}.Debug|Any CPU.ActiveCfg = Debug|Any CPU
		{75617A89-88B3-4994-AF04-DC064F700D31}.Debug|Any CPU.Build.0 = Debug|Any CPU
		{75617A89-88B3-4994-AF04-DC064F700D31}.Release|Any CPU.ActiveCfg = Release|Any CPU
		{75617A89-88B3-4994-AF04-DC064F700D31}.Release|Any CPU.Build.0 = Release|Any CPU
		{9A53E502-567A-459E-BB8D-F402DE7BBAD9}.Debug|Any CPU.ActiveCfg = Debug|Any CPU
		{9A53E502-567A-459E-BB8D-F402DE7BBAD9}.Debug|Any CPU.Build.0 = Debug|Any CPU
		{9A53E502-567A-459E-BB8D-F402DE7BBAD9}.Release|Any CPU.ActiveCfg = Release|Any CPU
		{9A53E502-567A-459E-BB8D-F402DE7BBAD9}.Release|Any CPU.Build.0 = Release|Any CPU
		{D746E96F-6AB1-4A43-9664-FA081CA63408}.Debug|Any CPU.ActiveCfg = Debug|Any CPU
		{D746E96F-6AB1-4A43-9664-FA081CA63408}.Debug|Any CPU.Build.0 = Debug|Any CPU
		{D746E96F-6AB1-4A43-9664-FA081CA63408}.Release|Any CPU.ActiveCfg = Release|Any CPU
		{D746E96F-6AB1-4A43-9664-FA081CA63408}.Release|Any CPU.Build.0 = Release|Any CPU
		{E46FD3AF-A36D-4FA7-8F46-3E9DB3FE36DD}.Debug|Any CPU.ActiveCfg = Debug|Any CPU
		{E46FD3AF-A36D-4FA7-8F46-3E9DB3FE36DD}.Debug|Any CPU.Build.0 = Debug|Any CPU
		{E46FD3AF-A36D-4FA7-8F46-3E9DB3FE36DD}.Release|Any CPU.ActiveCfg = Release|Any CPU
		{E46FD3AF-A36D-4FA7-8F46-3E9DB3FE36DD}.Release|Any CPU.Build.0 = Release|Any CPU
		{655E82F7-AF6C-4EA5-BCFD-052C4BA7408B}.Debug|Any CPU.ActiveCfg = Debug|Any CPU
		{655E82F7-AF6C-4EA5-BCFD-052C4BA7408B}.Debug|Any CPU.Build.0 = Debug|Any CPU
		{655E82F7-AF6C-4EA5-BCFD-052C4BA7408B}.Release|Any CPU.ActiveCfg = Release|Any CPU
		{655E82F7-AF6C-4EA5-BCFD-052C4BA7408B}.Release|Any CPU.Build.0 = Release|Any CPU
		{0455AC23-5022-4A74-848F-52BD887B8CDC}.Debug|Any CPU.ActiveCfg = Debug|Any CPU
		{0455AC23-5022-4A74-848F-52BD887B8CDC}.Debug|Any CPU.Build.0 = Debug|Any CPU
		{0455AC23-5022-4A74-848F-52BD887B8CDC}.Release|Any CPU.ActiveCfg = Release|Any CPU
		{0455AC23-5022-4A74-848F-52BD887B8CDC}.Release|Any CPU.Build.0 = Release|Any CPU
		{9356E0DB-8AA6-4496-B036-795EC20E9C2D}.Debug|Any CPU.ActiveCfg = Debug|Any CPU
		{9356E0DB-8AA6-4496-B036-795EC20E9C2D}.Debug|Any CPU.Build.0 = Debug|Any CPU
		{9356E0DB-8AA6-4496-B036-795EC20E9C2D}.Release|Any CPU.ActiveCfg = Release|Any CPU
		{9356E0DB-8AA6-4496-B036-795EC20E9C2D}.Release|Any CPU.Build.0 = Release|Any CPU
		{7DD50A30-066D-49F1-A037-8965BBBEAA51}.Debug|Any CPU.ActiveCfg = Debug|Any CPU
		{7DD50A30-066D-49F1-A037-8965BBBEAA51}.Debug|Any CPU.Build.0 = Debug|Any CPU
		{7DD50A30-066D-49F1-A037-8965BBBEAA51}.Release|Any CPU.ActiveCfg = Release|Any CPU
		{7DD50A30-066D-49F1-A037-8965BBBEAA51}.Release|Any CPU.Build.0 = Release|Any CPU
		{547F15FE-708A-4A23-8896-93AAC9E39BF2}.Debug|Any CPU.ActiveCfg = Debug|Any CPU
		{547F15FE-708A-4A23-8896-93AAC9E39BF2}.Debug|Any CPU.Build.0 = Debug|Any CPU
		{547F15FE-708A-4A23-8896-93AAC9E39BF2}.Release|Any CPU.ActiveCfg = Release|Any CPU
		{547F15FE-708A-4A23-8896-93AAC9E39BF2}.Release|Any CPU.Build.0 = Release|Any CPU
		{C1E3EEF0-646E-4AAF-A3EC-752F7D6579DC}.Debug|Any CPU.ActiveCfg = Debug|Any CPU
		{C1E3EEF0-646E-4AAF-A3EC-752F7D6579DC}.Debug|Any CPU.Build.0 = Debug|Any CPU
		{C1E3EEF0-646E-4AAF-A3EC-752F7D6579DC}.Release|Any CPU.ActiveCfg = Release|Any CPU
		{C1E3EEF0-646E-4AAF-A3EC-752F7D6579DC}.Release|Any CPU.Build.0 = Release|Any CPU
		{912C6B6E-CDCA-4FB4-8194-51E76C315BCE}.Debug|Any CPU.ActiveCfg = Debug|Any CPU
		{912C6B6E-CDCA-4FB4-8194-51E76C315BCE}.Debug|Any CPU.Build.0 = Debug|Any CPU
		{912C6B6E-CDCA-4FB4-8194-51E76C315BCE}.Release|Any CPU.ActiveCfg = Release|Any CPU
		{912C6B6E-CDCA-4FB4-8194-51E76C315BCE}.Release|Any CPU.Build.0 = Release|Any CPU
		{228C4858-3940-42BF-9811-20B719633A08}.Debug|Any CPU.ActiveCfg = Debug|Any CPU
		{228C4858-3940-42BF-9811-20B719633A08}.Debug|Any CPU.Build.0 = Debug|Any CPU
		{228C4858-3940-42BF-9811-20B719633A08}.Release|Any CPU.ActiveCfg = Release|Any CPU
		{228C4858-3940-42BF-9811-20B719633A08}.Release|Any CPU.Build.0 = Release|Any CPU
	EndGlobalSection
	GlobalSection(NestedProjects) = preSolution
		{75617A89-88B3-4994-AF04-DC064F700D31} = {C1BA319E-6BDC-47F6-AC46-AB6012A36ECF}
		{9A53E502-567A-459E-BB8D-F402DE7BBAD9} = {C1BA319E-6BDC-47F6-AC46-AB6012A36ECF}
		{D746E96F-6AB1-4A43-9664-FA081CA63408} = {C1BA319E-6BDC-47F6-AC46-AB6012A36ECF}
		{E46FD3AF-A36D-4FA7-8F46-3E9DB3FE36DD} = {E7EED3E3-D0B2-493E-8482-0BD817E9A3F3}
		{655E82F7-AF6C-4EA5-BCFD-052C4BA7408B} = {E7EED3E3-D0B2-493E-8482-0BD817E9A3F3}
		{0455AC23-5022-4A74-848F-52BD887B8CDC} = {E7EED3E3-D0B2-493E-8482-0BD817E9A3F3}
	EndGlobalSection
EndGlobal
